
Microsoft Visual Studio Solution File, Format Version 12.00
# Visual Studio Version 17
VisualStudioVersion = 17.5.33414.496
MinimumVisualStudioVersion = 10.0.40219.1
Project("{9A19103F-16F7-4668-BE54-9A1E7A4F7556}") = "MigraineDiary.Web", "MVCProject.Web\MigraineDiary.Web.csproj", "{F1ACE209-8C46-4549-A241-051E022143C7}"
EndProject
Project("{9A19103F-16F7-4668-BE54-9A1E7A4F7556}") = "MigraineDiary.Data", "MigraineDiary.Data\MigraineDiary.Data.csproj", "{4B2ADF57-387A-4E07-BF78-9D352B19D611}"
EndProject
Project("{9A19103F-16F7-4668-BE54-9A1E7A4F7556}") = "MigraineDiary.Services", "MigraineDiary.Services\MigraineDiary.Services.csproj", "{3D45937B-9A21-460E-B623-C6FEC8982B9D}"
EndProject
Project("{9A19103F-16F7-4668-BE54-9A1E7A4F7556}") = "MigraineDiary.ViewModels", "MigraineDiary.ViewModels\MigraineDiary.ViewModels.csproj", "{22B2FAE3-9127-4FBB-BF2C-6C4C26564F0C}"
EndProject
Project("{FAE04EC0-301F-11D3-BF4B-00C04F79EFBC}") = "MigraineDiary.Tests", "MigraineDiary.Tests\MigraineDiary.Tests.csproj", "{A5AB60DD-E45A-4B68-A8CE-04748619EF46}"
EndProject
Global
	GlobalSection(SolutionConfigurationPlatforms) = preSolution
		Debug|Any CPU = Debug|Any CPU
		Release|Any CPU = Release|Any CPU
	EndGlobalSection
	GlobalSection(ProjectConfigurationPlatforms) = postSolution
		{F1ACE209-8C46-4549-A241-051E022143C7}.Debug|Any CPU.ActiveCfg = Debug|Any CPU
		{F1ACE209-8C46-4549-A241-051E022143C7}.Debug|Any CPU.Build.0 = Debug|Any CPU
		{F1ACE209-8C46-4549-A241-051E022143C7}.Release|Any CPU.ActiveCfg = Release|Any CPU
		{F1ACE209-8C46-4549-A241-051E022143C7}.Release|Any CPU.Build.0 = Release|Any CPU
		{4B2ADF57-387A-4E07-BF78-9D352B19D611}.Debug|Any CPU.ActiveCfg = Debug|Any CPU
		{4B2ADF57-387A-4E07-BF78-9D352B19D611}.Debug|Any CPU.Build.0 = Debug|Any CPU
		{4B2ADF57-387A-4E07-BF78-9D352B19D611}.Release|Any CPU.ActiveCfg = Release|Any CPU
		{4B2ADF57-387A-4E07-BF78-9D352B19D611}.Release|Any CPU.Build.0 = Release|Any CPU
		{3D45937B-9A21-460E-B623-C6FEC8982B9D}.Debug|Any CPU.ActiveCfg = Debug|Any CPU
		{3D45937B-9A21-460E-B623-C6FEC8982B9D}.Debug|Any CPU.Build.0 = Debug|Any CPU
		{3D45937B-9A21-460E-B623-C6FEC8982B9D}.Release|Any CPU.ActiveCfg = Release|Any CPU
		{3D45937B-9A21-460E-B623-C6FEC8982B9D}.Release|Any CPU.Build.0 = Release|Any CPU
		{22B2FAE3-9127-4FBB-BF2C-6C4C26564F0C}.Debug|Any CPU.ActiveCfg = Debug|Any CPU
		{22B2FAE3-9127-4FBB-BF2C-6C4C26564F0C}.Debug|Any CPU.Build.0 = Debug|Any CPU
		{22B2FAE3-9127-4FBB-BF2C-6C4C26564F0C}.Release|Any CPU.ActiveCfg = Release|Any CPU
		{22B2FAE3-9127-4FBB-BF2C-6C4C26564F0C}.Release|Any CPU.Build.0 = Release|Any CPU
		{A5AB60DD-E45A-4B68-A8CE-04748619EF46}.Debug|Any CPU.ActiveCfg = Debug|Any CPU
		{A5AB60DD-E45A-4B68-A8CE-04748619EF46}.Debug|Any CPU.Build.0 = Debug|Any CPU
		{A5AB60DD-E45A-4B68-A8CE-04748619EF46}.Release|Any CPU.ActiveCfg = Release|Any CPU
		{A5AB60DD-E45A-4B68-A8CE-04748619EF46}.Release|Any CPU.Build.0 = Release|Any CPU
	EndGlobalSection
	GlobalSection(SolutionProperties) = preSolution
		HideSolutionNode = FALSE
	EndGlobalSection
	GlobalSection(ExtensibilityGlobals) = postSolution
		SolutionGuid = {FF5260C4-EC2B-4F67-83BA-20991BC5EF76}
	EndGlobalSection
EndGlobal
